# THIS IS AN AUTOGENERATED FILE. DO NOT EDIT THIS FILE DIRECTLY.
# yarn lockfile v1


"@nestjs/common@^6.5.3":
  version "6.5.3"
  resolved "https://registry.npmjs.org/@nestjs/common/-/common-6.5.3.tgz#25a3916b53f1e681640641bdb96a40bb37a15515"
  dependencies:
    axios "0.19.0"
    cli-color "1.4.0"
    uuid "3.3.2"

"@nestjs/core@^6.5.3":
  version "6.5.3"
  resolved "https://registry.npmjs.org/@nestjs/core/-/core-6.5.3.tgz#0cfd4388f07f15ab7b49aa0ff7ed594f51446378"
  dependencies:
    "@nuxtjs/opencollective" "0.2.2"
    fast-safe-stringify "2.0.6"
    iterare "1.2.0"
    object-hash "1.3.1"
    optional "0.1.4"
    uuid "3.3.2"

"@nuxtjs/opencollective@0.2.2":
  version "0.2.2"
  resolved "https://registry.npmjs.org/@nuxtjs/opencollective/-/opencollective-0.2.2.tgz#26a761ebf588cc92a422d7cee996a66bd6e2761e"
  dependencies:
    chalk "^2.4.1"
    consola "^2.3.0"
    node-fetch "^2.3.0"

"@types/nedb@^1.8.8":
  version "1.8.8"
  resolved "https://registry.npmjs.org/@types/nedb/-/nedb-1.8.8.tgz#54770bf0df40185291bc0b108beb224846f5b04c"
  dependencies:
    "@types/node" "*"

"@types/node@*", "@types/node@^12.7.2":
  version "12.7.2"
  resolved "https://registry.npmjs.org/@types/node/-/node-12.7.2.tgz#c4e63af5e8823ce9cc3f0b34f7b998c2171f0c44"

ansi-regex@^2.1.1:
  version "2.1.1"
  resolved "https://registry.npmjs.org/ansi-regex/-/ansi-regex-2.1.1.tgz#c3b33ab5ee360d86e0e628f0468ae7ef27d654df"

ansi-styles@^3.2.1:
  version "3.2.1"
  resolved "https://registry.npmjs.org/ansi-styles/-/ansi-styles-3.2.1.tgz#41fbb20243e50b12be0f04b8dedbf07520ce841d"
  dependencies:
    color-convert "^1.9.0"

async@0.2.10:
  version "0.2.10"
  resolved "https://registry.npmjs.org/async/-/async-0.2.10.tgz#b6bbe0b0674b9d719708ca38de8c237cb526c3d1"

axios@0.19.0:
  version "0.19.0"
  resolved "https://registry.npmjs.org/axios/-/axios-0.19.0.tgz#8e09bff3d9122e133f7b8101c8fbdd00ed3d2ab8"
  dependencies:
    follow-redirects "1.5.10"
    is-buffer "^2.0.2"

binary-search-tree@0.2.5:
  version "0.2.5"
  resolved "https://registry.npmjs.org/binary-search-tree/-/binary-search-tree-0.2.5.tgz#7dbb3b210fdca082450dad2334c304af39bdc784"
  dependencies:
    underscore "~1.4.4"

chalk@^2.4.1:
  version "2.4.2"
  resolved "https://registry.npmjs.org/chalk/-/chalk-2.4.2.tgz#cd42541677a54333cf541a49108c1432b44c9424"
  dependencies:
    ansi-styles "^3.2.1"
    escape-string-regexp "^1.0.5"
    supports-color "^5.3.0"

cli-color@1.4.0:
  version "1.4.0"
  resolved "https://registry.npmjs.org/cli-color/-/cli-color-1.4.0.tgz#7d10738f48526824f8fe7da51857cb0f572fe01f"
  dependencies:
    ansi-regex "^2.1.1"
    d "1"
    es5-ext "^0.10.46"
    es6-iterator "^2.0.3"
    memoizee "^0.4.14"
    timers-ext "^0.1.5"

color-convert@^1.9.0:
  version "1.9.3"
  resolved "https://registry.npmjs.org/color-convert/-/color-convert-1.9.3.tgz#bb71850690e1f136567de629d2d5471deda4c1e8"
  dependencies:
    color-name "1.1.3"

color-name@1.1.3:
  version "1.1.3"
  resolved "https://registry.npmjs.org/color-name/-/color-name-1.1.3.tgz#a7d0558bd89c42f795dd42328f740831ca53bc25"

consola@^2.3.0:
  version "2.10.1"
  resolved "https://registry.npmjs.org/consola/-/consola-2.10.1.tgz#4693edba714677c878d520e4c7e4f69306b4b927"

d@1:
  version "1.0.1"
  resolved "https://registry.npmjs.org/d/-/d-1.0.1.tgz#8698095372d58dbee346ffd0c7093f99f8f9eb5a"
  dependencies:
    es5-ext "^0.10.50"
    type "^1.0.1"

debug@=3.1.0:
  version "3.1.0"
  resolved "https://registry.npmjs.org/debug/-/debug-3.1.0.tgz#5bb5a0672628b64149566ba16819e61518c67261"
  dependencies:
    ms "2.0.0"

es5-ext@^0.10.35, es5-ext@^0.10.45, es5-ext@^0.10.46, es5-ext@^0.10.50, es5-ext@~0.10.14, es5-ext@~0.10.2, es5-ext@~0.10.46:
  version "0.10.50"
  resolved "https://registry.npmjs.org/es5-ext/-/es5-ext-0.10.50.tgz#6d0e23a0abdb27018e5ac4fd09b412bc5517a778"
  dependencies:
    es6-iterator "~2.0.3"
    es6-symbol "~3.1.1"
    next-tick "^1.0.0"

es6-iterator@^2.0.3, es6-iterator@~2.0.3:
  version "2.0.3"
  resolved "https://registry.npmjs.org/es6-iterator/-/es6-iterator-2.0.3.tgz#a7de889141a05a94b0854403b2d0a0fbfa98f3b7"
  dependencies:
    d "1"
    es5-ext "^0.10.35"
    es6-symbol "^3.1.1"

es6-symbol@^3.1.1, es6-symbol@~3.1.1:
  version "3.1.1"
  resolved "https://registry.npmjs.org/es6-symbol/-/es6-symbol-3.1.1.tgz#bf00ef4fdab6ba1b46ecb7b629b4c7ed5715cc77"
  dependencies:
    d "1"
    es5-ext "~0.10.14"

es6-weak-map@^2.0.2:
  version "2.0.3"
  resolved "https://registry.npmjs.org/es6-weak-map/-/es6-weak-map-2.0.3.tgz#b6da1f16cc2cc0d9be43e6bdbfc5e7dfcdf31d53"
  dependencies:
    d "1"
    es5-ext "^0.10.46"
    es6-iterator "^2.0.3"
    es6-symbol "^3.1.1"

escape-string-regexp@^1.0.5:
  version "1.0.5"
  resolved "https://registry.npmjs.org/escape-string-regexp/-/escape-string-regexp-1.0.5.tgz#1b61c0562190a8dff6ae3bb2cf0200ca130b86d4"

event-emitter@^0.3.5:
  version "0.3.5"
  resolved "https://registry.npmjs.org/event-emitter/-/event-emitter-0.3.5.tgz#df8c69eef1647923c7157b9ce83840610b02cc39"
  dependencies:
    d "1"
    es5-ext "~0.10.14"

fast-safe-stringify@2.0.6:
  version "2.0.6"
  resolved "https://registry.npmjs.org/fast-safe-stringify/-/fast-safe-stringify-2.0.6.tgz#04b26106cc56681f51a044cfc0d76cf0008ac2c2"

follow-redirects@1.5.10:
  version "1.5.10"
  resolved "https://registry.npmjs.org/follow-redirects/-/follow-redirects-1.5.10.tgz#7b7a9f9aea2fdff36786a94ff643ed07f4ff5e2a"
  dependencies:
    debug "=3.1.0"

has-flag@^3.0.0:
  version "3.0.0"
  resolved "https://registry.npmjs.org/has-flag/-/has-flag-3.0.0.tgz#b5d454dc2199ae225699f3467e5a07f3b955bafd"

immediate@~3.0.5:
  version "3.0.6"
  resolved "https://registry.npmjs.org/immediate/-/immediate-3.0.6.tgz#9db1dbd0faf8de6fbe0f5dd5e56bb606280de69b"

is-buffer@^2.0.2:
  version "2.0.3"
  resolved "https://registry.npmjs.org/is-buffer/-/is-buffer-2.0.3.tgz#4ecf3fcf749cbd1e472689e109ac66261a25e725"

is-promise@^2.1:
  version "2.1.0"
  resolved "https://registry.npmjs.org/is-promise/-/is-promise-2.1.0.tgz#79a2a9ece7f096e80f36d2b2f3bc16c1ff4bf3fa"

iterare@1.2.0:
  version "1.2.0"
  resolved "https://registry.npmjs.org/iterare/-/iterare-1.2.0.tgz#7427f5ed45986e4b73e2fea903579f1117f3dd15"

lie@3.1.1:
  version "3.1.1"
  resolved "https://registry.npmjs.org/lie/-/lie-3.1.1.tgz#9a436b2cc7746ca59de7a41fa469b3efb76bd87e"
  dependencies:
    immediate "~3.0.5"

localforage@^1.3.0:
  version "1.7.3"
  resolved "https://registry.npmjs.org/localforage/-/localforage-1.7.3.tgz#0082b3ca9734679e1bd534995bdd3b24cf10f204"
  dependencies:
    lie "3.1.1"

lru-queue@0.1:
  version "0.1.0"
  resolved "https://registry.npmjs.org/lru-queue/-/lru-queue-0.1.0.tgz#2738bd9f0d3cf4f84490c5736c48699ac632cda3"
  dependencies:
    es5-ext "~0.10.2"

memoizee@^0.4.14:
  version "0.4.14"
  resolved "https://registry.npmjs.org/memoizee/-/memoizee-0.4.14.tgz#07a00f204699f9a95c2d9e77218271c7cd610d57"
  dependencies:
    d "1"
    es5-ext "^0.10.45"
    es6-weak-map "^2.0.2"
    event-emitter "^0.3.5"
    is-promise "^2.1"
    lru-queue "0.1"
    next-tick "1"
    timers-ext "^0.1.5"

minimist@0.0.8:
  version "0.0.8"
  resolved "https://registry.npmjs.org/minimist/-/minimist-0.0.8.tgz#857fcabfc3397d2625b8228262e86aa7a011b05d"

mkdirp@~0.5.1:
  version "0.5.1"
  resolved "https://registry.npmjs.org/mkdirp/-/mkdirp-0.5.1.tgz#30057438eac6cf7f8c4767f38648d6697d75c903"
  dependencies:
    minimist "0.0.8"

ms@2.0.0:
  version "2.0.0"
  resolved "https://registry.npmjs.org/ms/-/ms-2.0.0.tgz#5608aeadfc00be6c2901df5f9861788de0d597c8"

nedb@^1.8.0:
  version "1.8.0"
  resolved "https://registry.npmjs.org/nedb/-/nedb-1.8.0.tgz#0e3502cd82c004d5355a43c9e55577bd7bd91d88"
  dependencies:
    async "0.2.10"
    binary-search-tree "0.2.5"
    localforage "^1.3.0"
    mkdirp "~0.5.1"
    underscore "~1.4.4"

next-tick@1, next-tick@^1.0.0:
  version "1.0.0"
  resolved "https://registry.npmjs.org/next-tick/-/next-tick-1.0.0.tgz#ca86d1fe8828169b0120208e3dc8424b9db8342c"

node-fetch@^2.3.0:
  version "2.6.1"
  resolved "https://registry.yarnpkg.com/node-fetch/-/node-fetch-2.6.1.tgz#045bd323631f76ed2e2b55573394416b639a0052"

object-hash@1.3.1:
  version "1.3.1"
  resolved "https://registry.npmjs.org/object-hash/-/object-hash-1.3.1.tgz#fde452098a951cb145f039bb7d455449ddc126df"

optional@0.1.4:
  version "0.1.4"
  resolved "https://registry.npmjs.org/optional/-/optional-0.1.4.tgz#cdb1a9bedc737d2025f690ceeb50e049444fd5b3"

supports-color@^5.3.0:
  version "5.5.0"
  resolved "https://registry.npmjs.org/supports-color/-/supports-color-5.5.0.tgz#e2e69a44ac8772f78a1ec0b35b689df6530efc8f"
  dependencies:
    has-flag "^3.0.0"

timers-ext@^0.1.5:
  version "0.1.7"
  resolved "https://registry.npmjs.org/timers-ext/-/timers-ext-0.1.7.tgz#6f57ad8578e07a3fb9f91d9387d65647555e25c6"
  dependencies:
    es5-ext "~0.10.46"
    next-tick "1"

type@^1.0.1:
  version "1.0.3"
  resolved "https://registry.npmjs.org/type/-/type-1.0.3.tgz#16f5d39f27a2d28d86e48f8981859e9d3296c179"

underscore@~1.4.4:
  version "1.4.4"
  resolved "https://registry.npmjs.org/underscore/-/underscore-1.4.4.tgz#61a6a32010622afa07963bf325203cf12239d604"

uuid@3.3.2:
  version "3.3.2"
  resolved "https://registry.npmjs.org/uuid/-/uuid-3.3.2.tgz#1b4af4955eb3077c501c23872fc6513811587131"
